{
  "name": "service1",
  "version": "1.0.0",
  "lockfileVersion": 1,
  "requires": true,
  "dependencies": {
    "@types/node": {
      "version": "13.13.5",
      "resolved": "https://registry.npmjs.org/@types/node/-/node-13.13.5.tgz",
      "integrity": "sha512-3ySmiBYJPqgjiHA7oEaIo2Rzz0HrOZ7yrNO5HWyaE5q0lQ3BppDZ3N53Miz8bw2I7gh1/zir2MGVZBvpb1zq9g==",
      "dev": true
    },
    "@types/redis": {
      "version": "2.8.20",
      "resolved": "https://registry.npmjs.org/@types/redis/-/redis-2.8.20.tgz",
      "integrity": "sha512-IJOvkg+BnCRDlMrrBIasCs8bqddnjiplI26HwsPSeY/biEJaDzAQnjs2i5z5vJelTbi3TIiLUIrKXk7j9Tmi/Q==",
      "dev": true,
      "requires": {
        "@types/node": "*"
      }
    }
  }
}
